<Solution>
  <Folder Name="/src/">
    <Project Path="src/ShipStation.Integration.Api/ShipStation.Integration.Api.csproj" />
    <Project Path="src/ShipStation.Integration/ShipStation.Integration.csproj" />
  </Folder>
  <Folder Name="/tests/">
    <Project Path="tests/ShipStation.Integration.Tests/ShipStation.Integration.Tests.csproj" />
  </Folder>
</Solution>
